
Microsoft Visual Studio Solution File, Format Version 12.00
# Visual Studio Version 17
VisualStudioVersion = 17.5.33627.172
MinimumVisualStudioVersion = 10.0.40219.1
Project("{9A19103F-16F7-4668-BE54-9A1E7A4F7556}") = "MyWebApiDemo", "MyWebApiDemo\MyWebApiDemo.csproj", "{F2D84DCF-3A52-4CBF-8266-509E16ED86B0}"
EndProject
Project("{9A19103F-16F7-4668-BE54-9A1E7A4F7556}") = "MyWebAppDemo", "MyWebAppDemo\MyWebAppDemo.csproj", "{894F4BCA-BFBD-4FC8-8032-CC3511FF0ECB}"
EndProject
Global
	GlobalSection(SolutionConfigurationPlatforms) = preSolution
		Debug|Any CPU = Debug|Any CPU
		Release|Any CPU = Release|Any CPU
	EndGlobalSection
	GlobalSection(ProjectConfigurationPlatforms) = postSolution
		{F2D84DCF-3A52-4CBF-8266-509E16ED86B0}.Debug|Any CPU.ActiveCfg = Debug|Any CPU
		{F2D84DCF-3A52-4CBF-8266-509E16ED86B0}.Debug|Any CPU.Build.0 = Debug|Any CPU
		{F2D84DCF-3A52-4CBF-8266-509E16ED86B0}.Release|Any CPU.ActiveCfg = Release|Any CPU
		{F2D84DCF-3A52-4CBF-8266-509E16ED86B0}.Release|Any CPU.Build.0 = Release|Any CPU
		{894F4BCA-BFBD-4FC8-8032-CC3511FF0ECB}.Debug|Any CPU.ActiveCfg = Debug|Any CPU
		{894F4BCA-BFBD-4FC8-8032-CC3511FF0ECB}.Debug|Any CPU.Build.0 = Debug|Any CPU
		{894F4BCA-BFBD-4FC8-8032-CC3511FF0ECB}.Release|Any CPU.ActiveCfg = Release|Any CPU
		{894F4BCA-BFBD-4FC8-8032-CC3511FF0ECB}.Release|Any CPU.Build.0 = Release|Any CPU
	EndGlobalSection
	GlobalSection(SolutionProperties) = preSolution
		HideSolutionNode = FALSE
	EndGlobalSection
	GlobalSection(ExtensibilityGlobals) = postSolution
		SolutionGuid = {CE9F2A92-720E-4A19-83A8-C1A18F73C5A3}
	EndGlobalSection
EndGlobal
